
Microsoft Visual Studio Solution File, Format Version 12.00
# Visual Studio Version 16
VisualStudioVersion = 16.0.30114.105
MinimumVisualStudioVersion = 10.0.40219.1
Project("{FAE04EC0-301F-11D3-BF4B-00C04F79EFBC}") = "API", "API\API.csproj", "{6DF5934D-49E4-469E-95DF-8B101BE5AF26}"
EndProject
Project("{FAE04EC0-301F-11D3-BF4B-00C04F79EFBC}") = "Core", "Core\Core.csproj", "{47123C88-FACB-423A-AEA6-FE1838EB5684}"
EndProject
Project("{FAE04EC0-301F-11D3-BF4B-00C04F79EFBC}") = "Infrastructure", "Infrastructure\Infrastructure.csproj", "{026583F2-7D71-4FBA-8FD5-D79449E82657}"
EndProject
Global
	GlobalSection(SolutionConfigurationPlatforms) = preSolution
		Debug|Any CPU = Debug|Any CPU
		Debug|x64 = Debug|x64
		Debug|x86 = Debug|x86
		Release|Any CPU = Release|Any CPU
		Release|x64 = Release|x64
		Release|x86 = Release|x86
	EndGlobalSection
	GlobalSection(SolutionProperties) = preSolution
		HideSolutionNode = FALSE
	EndGlobalSection
	GlobalSection(ProjectConfigurationPlatforms) = postSolution
		{6DF5934D-49E4-469E-95DF-8B101BE5AF26}.Debug|Any CPU.ActiveCfg = Debug|Any CPU
		{6DF5934D-49E4-469E-95DF-8B101BE5AF26}.Debug|Any CPU.Build.0 = Debug|Any CPU
		{6DF5934D-49E4-469E-95DF-8B101BE5AF26}.Debug|x64.ActiveCfg = Debug|Any CPU
		{6DF5934D-49E4-469E-95DF-8B101BE5AF26}.Debug|x64.Build.0 = Debug|Any CPU
		{6DF5934D-49E4-469E-95DF-8B101BE5AF26}.Debug|x86.ActiveCfg = Debug|Any CPU
		{6DF5934D-49E4-469E-95DF-8B101BE5AF26}.Debug|x86.Build.0 = Debug|Any CPU
		{6DF5934D-49E4-469E-95DF-8B101BE5AF26}.Release|Any CPU.ActiveCfg = Release|Any CPU
		{6DF5934D-49E4-469E-95DF-8B101BE5AF26}.Release|Any CPU.Build.0 = Release|Any CPU
		{6DF5934D-49E4-469E-95DF-8B101BE5AF26}.Release|x64.ActiveCfg = Release|Any CPU
		{6DF5934D-49E4-469E-95DF-8B101BE5AF26}.Release|x64.Build.0 = Release|Any CPU
		{6DF5934D-49E4-469E-95DF-8B101BE5AF26}.Release|x86.ActiveCfg = Release|Any CPU
		{6DF5934D-49E4-469E-95DF-8B101BE5AF26}.Release|x86.Build.0 = Release|Any CPU
		{47123C88-FACB-423A-AEA6-FE1838EB5684}.Debug|Any CPU.ActiveCfg = Debug|Any CPU
		{47123C88-FACB-423A-AEA6-FE1838EB5684}.Debug|Any CPU.Build.0 = Debug|Any CPU
		{47123C88-FACB-423A-AEA6-FE1838EB5684}.Debug|x64.ActiveCfg = Debug|Any CPU
		{47123C88-FACB-423A-AEA6-FE1838EB5684}.Debug|x64.Build.0 = Debug|Any CPU
		{47123C88-FACB-423A-AEA6-FE1838EB5684}.Debug|x86.ActiveCfg = Debug|Any CPU
		{47123C88-FACB-423A-AEA6-FE1838EB5684}.Debug|x86.Build.0 = Debug|Any CPU
		{47123C88-FACB-423A-AEA6-FE1838EB5684}.Release|Any CPU.ActiveCfg = Release|Any CPU
		{47123C88-FACB-423A-AEA6-FE1838EB5684}.Release|Any CPU.Build.0 = Release|Any CPU
		{47123C88-FACB-423A-AEA6-FE1838EB5684}.Release|x64.ActiveCfg = Release|Any CPU
		{47123C88-FACB-423A-AEA6-FE1838EB5684}.Release|x64.Build.0 = Release|Any CPU
		{47123C88-FACB-423A-AEA6-FE1838EB5684}.Release|x86.ActiveCfg = Release|Any CPU
		{47123C88-FACB-423A-AEA6-FE1838EB5684}.Release|x86.Build.0 = Release|Any CPU
		{026583F2-7D71-4FBA-8FD5-D79449E82657}.Debug|Any CPU.ActiveCfg = Debug|Any CPU
		{026583F2-7D71-4FBA-8FD5-D79449E82657}.Debug|Any CPU.Build.0 = Debug|Any CPU
		{026583F2-7D71-4FBA-8FD5-D79449E82657}.Debug|x64.ActiveCfg = Debug|Any CPU
		{026583F2-7D71-4FBA-8FD5-D79449E82657}.Debug|x64.Build.0 = Debug|Any CPU
		{026583F2-7D71-4FBA-8FD5-D79449E82657}.Debug|x86.ActiveCfg = Debug|Any CPU
		{026583F2-7D71-4FBA-8FD5-D79449E82657}.Debug|x86.Build.0 = Debug|Any CPU
		{026583F2-7D71-4FBA-8FD5-D79449E82657}.Release|Any CPU.ActiveCfg = Release|Any CPU
		{026583F2-7D71-4FBA-8FD5-D79449E82657}.Release|Any CPU.Build.0 = Release|Any CPU
		{026583F2-7D71-4FBA-8FD5-D79449E82657}.Release|x64.ActiveCfg = Release|Any CPU
		{026583F2-7D71-4FBA-8FD5-D79449E82657}.Release|x64.Build.0 = Release|Any CPU
		{026583F2-7D71-4FBA-8FD5-D79449E82657}.Release|x86.ActiveCfg = Release|Any CPU
		{026583F2-7D71-4FBA-8FD5-D79449E82657}.Release|x86.Build.0 = Release|Any CPU
	EndGlobalSection
EndGlobal
